blocks:
  - name: XPS Timepix Operator
    description: Real-time AP-XPS processor for Timepix data

    operator:
      class: tr_ap_xps.pipeline.xps_operator.build_xps_operator
      kwargs:
        build_heatmaps: false
        otlp_endpoint: "http://jaeger:4317"

    listeners:
      - class: tr_ap_xps.timepix.xps_timepix_listener_factory
        kwargs:
          zmq_connection_address: "tcp://host.docker.internal:5657"

    publishers:
      - class: tr_ap_xps.websockets.xps_ws_publisher_factory
        kwargs:
          ws_url: "ws://0.0.0.0:8001/xps_operator"

      - class: tr_ap_xps.xps_tiled_zmq_publisher.xps_tiled_result_publisher_factory
        kwargs:
          zmq_address: "tcp://0.0.0.0:5000"
          tiled_uri: "http://tiled:8000"
          tiled_prefix: "beamlines/bl931/processed"
          root_segments:
            - xps_processed_images