blocks:
  - name: XPS Timepix Operator
    description: Real-time AP-XPS processor for Timepix data

    operator:
      class: tr_ap_xps.pipeline.xps_operator.build_xps_operator
      kwargs:
        build_heatmaps: false

    listeners:
      - class: tr_ap_xps.timepix.xps_timepix_listener_factory
        kwargs:
          zmq_pub_address: "tcp://localhost"
          zmq_pub_port: 5657

    publishers:
      - class: tr_ap_xps.websockets.xps_ws_publisher_factory
        kwargs:
          ws_url: "ws://0.0.0.0:8001/xps_operator"